
Microsoft Visual Studio Solution File, Format Version 12.00
# Visual Studio Version 16
VisualStudioVersion = 16.0.30621.155
MinimumVisualStudioVersion = 10.0.40219.1
Project("{9A19103F-16F7-4668-BE54-9A1E7A4F7556}") = "QueueImplementation", "QueueImplementation\QueueImplementation.csproj", "{58806B28-7458-4421-A406-8E46F50AAB24}"
EndProject
Project("{FAE04EC0-301F-11D3-BF4B-00C04F79EFBC}") = "QueueMSTest", "QueueMSTest\QueueMSTest.csproj", "{DD68B4EE-4001-4A6D-BA5D-3F607D4BAF3F}"
EndProject
Global
	GlobalSection(SolutionConfigurationPlatforms) = preSolution
		Debug|Any CPU = Debug|Any CPU
		Release|Any CPU = Release|Any CPU
	EndGlobalSection
	GlobalSection(ProjectConfigurationPlatforms) = postSolution
		{58806B28-7458-4421-A406-8E46F50AAB24}.Debug|Any CPU.ActiveCfg = Debug|Any CPU
		{58806B28-7458-4421-A406-8E46F50AAB24}.Debug|Any CPU.Build.0 = Debug|Any CPU
		{58806B28-7458-4421-A406-8E46F50AAB24}.Release|Any CPU.ActiveCfg = Release|Any CPU
		{58806B28-7458-4421-A406-8E46F50AAB24}.Release|Any CPU.Build.0 = Release|Any CPU
		{DD68B4EE-4001-4A6D-BA5D-3F607D4BAF3F}.Debug|Any CPU.ActiveCfg = Debug|Any CPU
		{DD68B4EE-4001-4A6D-BA5D-3F607D4BAF3F}.Debug|Any CPU.Build.0 = Debug|Any CPU
		{DD68B4EE-4001-4A6D-BA5D-3F607D4BAF3F}.Release|Any CPU.ActiveCfg = Release|Any CPU
		{DD68B4EE-4001-4A6D-BA5D-3F607D4BAF3F}.Release|Any CPU.Build.0 = Release|Any CPU
	EndGlobalSection
	GlobalSection(SolutionProperties) = preSolution
		HideSolutionNode = FALSE
	EndGlobalSection
	GlobalSection(ExtensibilityGlobals) = postSolution
		SolutionGuid = {72D80D7E-9F48-4D9E-82DF-300CF78AA8E3}
	EndGlobalSection
EndGlobal
